// !$*UTF8*$!
{
	archiveVersion = 1;
	classes = {
	};
	objectVersion = 48;
	objects = {

/* Begin PBXBuildFile section */
		E174065A1FC8A54D0076CCDA /* AppDelegate.swift in Sources */ = {isa = PBXBuildFile; fileRef = E17406591FC8A54D0076CCDA /* AppDelegate.swift */; };
		E174065C1FC8A54D0076CCDA /* ViewController.swift in Sources */ = {isa = PBXBuildFile; fileRef = E174065B1FC8A54D0076CCDA /* ViewController.swift */; };
		E174065F1FC8A54D0076CCDA /* Main.storyboard in Resources */ = {isa = PBXBuildFile; fileRef = E174065D1FC8A54D0076CCDA /* Main.storyboard */; };
		E17406611FC8A54D0076CCDA /* Assets.xcassets in Resources */ = {isa = PBXBuildFile; fileRef = E17406601FC8A54D0076CCDA /* Assets.xcassets */; };
		E17406641FC8A54D0076CCDA /* LaunchScreen.storyboard in Resources */ = {isa = PBXBuildFile; fileRef = E17406621FC8A54D0076CCDA /* LaunchScreen.storyboard */; };
		E1C003381FDFC60900266A19 /* Simulation.swift in Sources */ = {isa = PBXBuildFile; fileRef = E1C003371FDFC60900266A19 /* Simulation.swift */; };
		E1C003421FDFCADC00266A19 /* PhET_Intern_Task_Tests.swift in Sources */ = {isa = PBXBuildFile; fileRef = E1C003411FDFCADC00266A19 /* PhET_Intern_Task_Tests.swift */; };
		E1DA4B3E1FCA460300F4901E /* WebViewController.swift in Sources */ = {isa = PBXBuildFile; fileRef = E1DA4B3D1FCA460300F4901E /* WebViewController.swift */; };
/* End PBXBuildFile section */

/* Begin PBXContainerItemProxy section */
		E1C003441FDFCADC00266A19 /* PBXContainerItemProxy */ = {
			isa = PBXContainerItemProxy;
			containerPortal = E174064E1FC8A54C0076CCDA /* Project object */;
			proxyType = 1;
			remoteGlobalIDString = E17406551FC8A54C0076CCDA;
			remoteInfo = PhET_Intern_Task;
		};
/* End PBXContainerItemProxy section */

/* Begin PBXFileReference section */
		E17406561FC8A54D0076CCDA /* PhET_Intern_Task.app */ = {isa = PBXFileReference; explicitFileType = wrapper.application; includeInIndex = 0; path = PhET_Intern_Task.app; sourceTree = BUILT_PRODUCTS_DIR; };
		E17406591FC8A54D0076CCDA /* AppDelegate.swift */ = {isa = PBXFileReference; lastKnownFileType = sourcecode.swift; path = AppDelegate.swift; sourceTree = "<group>"; };
		E174065B1FC8A54D0076CCDA /* ViewController.swift */ = {isa = PBXFileReference; lastKnownFileType = sourcecode.swift; path = ViewController.swift; sourceTree = "<group>"; };
		E174065E1FC8A54D0076CCDA /* Base */ = {isa = PBXFileReference; lastKnownFileType = file.storyboard; name = Base; path = Base.lproj/Main.storyboard; sourceTree = "<group>"; };
		E17406601FC8A54D0076CCDA /* Assets.xcassets */ = {isa = PBXFileReference; lastKnownFileType = folder.assetcatalog; path = Assets.xcassets; sourceTree = "<group>"; };
		E17406631FC8A54D0076CCDA /* Base */ = {isa = PBXFileReference; lastKnownFileType = file.storyboard; name = Base; path = Base.lproj/LaunchScreen.storyboard; sourceTree = "<group>"; };
		E17406651FC8A54D0076CCDA /* Info.plist */ = {isa = PBXFileReference; lastKnownFileType = text.plist.xml; path = Info.plist; sourceTree = "<group>"; };
		E1C003371FDFC60900266A19 /* Simulation.swift */ = {isa = PBXFileReference; lastKnownFileType = sourcecode.swift; path = Simulation.swift; sourceTree = "<group>"; };
		E1C0033F1FDFCADC00266A19 /* PhET_Intern_Task_Tests.xctest */ = {isa = PBXFileReference; explicitFileType = wrapper.cfbundle; includeInIndex = 0; path = PhET_Intern_Task_Tests.xctest; sourceTree = BUILT_PRODUCTS_DIR; };
		E1C003411FDFCADC00266A19 /* PhET_Intern_Task_Tests.swift */ = {isa = PBXFileReference; lastKnownFileType = sourcecode.swift; path = PhET_Intern_Task_Tests.swift; sourceTree = "<group>"; };
		E1C003431FDFCADC00266A19 /* Info.plist */ = {isa = PBXFileReference; lastKnownFileType = text.plist.xml; path = Info.plist; sourceTree = "<group>"; };
		E1DA4B3D1FCA460300F4901E /* WebViewController.swift */ = {isa = PBXFileReference; lastKnownFileType = sourcecode.swift; path = WebViewController.swift; sourceTree = "<group>"; };
/* End PBXFileReference section */

/* Begin PBXFrameworksBuildPhase section */
		E17406531FC8A54C0076CCDA /* Frameworks */ = {
			isa = PBXFrameworksBuildPhase;
			buildActionMask = 2147483647;
			files = (
			);
			runOnlyForDeploymentPostprocessing = 0;
		};
		E1C0033C1FDFCADC00266A19 /* Frameworks */ = {
			isa = PBXFrameworksBuildPhase;
			buildActionMask = 2147483647;
			files = (
			);
			runOnlyForDeploymentPostprocessing = 0;
		};
/* End PBXFrameworksBuildPhase section */

/* Begin PBXGroup section */
		E174064D1FC8A54C0076CCDA = {
			isa = PBXGroup;
			children = (
				E17406581FC8A54D0076CCDA /* PhET_Intern_Task */,
				E1C003401FDFCADC00266A19 /* PhET_Intern_Task_Tests */,
				E17406571FC8A54D0076CCDA /* Products */,
			);
			sourceTree = "<group>";
		};
		E17406571FC8A54D0076CCDA /* Products */ = {
			isa = PBXGroup;
			children = (
				E17406561FC8A54D0076CCDA /* PhET_Intern_Task.app */,
				E1C0033F1FDFCADC00266A19 /* PhET_Intern_Task_Tests.xctest */,
			);
			name = Products;
			sourceTree = "<group>";
		};
		E17406581FC8A54D0076CCDA /* PhET_Intern_Task */ = {
			isa = PBXGroup;
			children = (
				E1DA4B3D1FCA460300F4901E /* WebViewController.swift */,
				E17406591FC8A54D0076CCDA /* AppDelegate.swift */,
				E174065B1FC8A54D0076CCDA /* ViewController.swift */,
				E1C003371FDFC60900266A19 /* Simulation.swift */,
				E174065D1FC8A54D0076CCDA /* Main.storyboard */,
				E17406601FC8A54D0076CCDA /* Assets.xcassets */,
				E17406621FC8A54D0076CCDA /* LaunchScreen.storyboard */,
				E17406651FC8A54D0076CCDA /* Info.plist */,
			);
			path = PhET_Intern_Task;
			sourceTree = "<group>";
		};
		E1C003401FDFCADC00266A19 /* PhET_Intern_Task_Tests */ = {
			isa = PBXGroup;
			children = (
				E1C003411FDFCADC00266A19 /* PhET_Intern_Task_Tests.swift */,
				E1C003431FDFCADC00266A19 /* Info.plist */,
			);
			path = PhET_Intern_Task_Tests;
			sourceTree = "<group>";
		};
/* End PBXGroup section */

/* Begin PBXNativeTarget section */
		E17406551FC8A54C0076CCDA /* PhET_Intern_Task */ = {
			isa = PBXNativeTarget;
			buildConfigurationList = E17406681FC8A54D0076CCDA /* Build configuration list for PBXNativeTarget "PhET_Intern_Task" */;
			buildPhases = (
				E17406521FC8A54C0076CCDA /* Sources */,
				E17406531FC8A54C0076CCDA /* Frameworks */,
				E17406541FC8A54C0076CCDA /* Resources */,
			);
			buildRules = (
			);
			dependencies = (
			);
			name = PhET_Intern_Task;
			productName = PhET_Intern_Task;
			productReference = E17406561FC8A54D0076CCDA /* PhET_Intern_Task.app */;
			productType = "com.apple.product-type.application";
		};
		E1C0033E1FDFCADC00266A19 /* PhET_Intern_Task_Tests */ = {
			isa = PBXNativeTarget;
			buildConfigurationList = E1C003461FDFCADC00266A19 /* Build configuration list for PBXNativeTarget "PhET_Intern_Task_Tests" */;
			buildPhases = (
				E1C0033B1FDFCADC00266A19 /* Sources */,
				E1C0033C1FDFCADC00266A19 /* Frameworks */,
				E1C0033D1FDFCADC00266A19 /* Resources */,
			);
			buildRules = (
			);
			dependencies = (
				E1C003451FDFCADC00266A19 /* PBXTargetDependency */,
			);
			name = PhET_Intern_Task_Tests;
			productName = PhET_Intern_Task_Tests;
			productReference = E1C0033F1FDFCADC00266A19 /* PhET_Intern_Task_Tests.xctest */;
			productType = "com.apple.product-type.bundle.unit-test";
		};
/* End PBXNativeTarget section */

/* Begin PBXProject section */
		E174064E1FC8A54C0076CCDA /* Project object */ = {
			isa = PBXProject;
			attributes = {
				LastSwiftUpdateCheck = 0920;
				LastUpgradeCheck = 0910;
				ORGANIZATIONNAME = "Jake Johnson";
				TargetAttributes = {
					E17406551FC8A54C0076CCDA = {
						CreatedOnToolsVersion = 9.1;
						ProvisioningStyle = Automatic;
					};
					E1C0033E1FDFCADC00266A19 = {
						CreatedOnToolsVersion = 9.2;
						ProvisioningStyle = Automatic;
						TestTargetID = E17406551FC8A54C0076CCDA;
					};
				};
			};
			buildConfigurationList = E17406511FC8A54C0076CCDA /* Build configuration list for PBXProject "PhET_Intern_Task" */;
			compatibilityVersion = "Xcode 8.0";
			developmentRegion = en;
			hasScannedForEncodings = 0;
			knownRegions = (
				en,
				Base,
			);
			mainGroup = E174064D1FC8A54C0076CCDA;
			productRefGroup = E17406571FC8A54D0076CCDA /* Products */;
			projectDirPath = "";
			projectRoot = "";
			targets = (
				E17406551FC8A54C0076CCDA /* PhET_Intern_Task */,
				E1C0033E1FDFCADC00266A19 /* PhET_Intern_Task_Tests */,
			);
		};
/* End PBXProject section */

/* Begin PBXResourcesBuildPhase section */
		E17406541FC8A54C0076CCDA /* Resources */ = {
			isa = PBXResourcesBuildPhase;
			buildActionMask = 2147483647;
			files = (
				E17406641FC8A54D0076CCDA /* LaunchScreen.storyboard in Resources */,
				E17406611FC8A54D0076CCDA /* Assets.xcassets in Resources */,
				E174065F1FC8A54D0076CCDA /* Main.storyboard in Resources */,
			);
			runOnlyForDeploymentPostprocessing = 0;
		};
		E1C0033D1FDFCADC00266A19 /* Resources */ = {
			isa = PBXResourcesBuildPhase;
			buildActionMask = 2147483647;
			files = (
			);
			runOnlyForDeploymentPostprocessing = 0;
		};
/* End PBXResourcesBuildPhase section */

/* Begin PBXSourcesBuildPhase section */
		E17406521FC8A54C0076CCDA /* Sources */ = {
			isa = PBXSourcesBuildPhase;
			buildActionMask = 2147483647;
			files = (
				E1C003381FDFC60900266A19 /* Simulation.swift in Sources */,
				E174065C1FC8A54D0076CCDA /* ViewController.swift in Sources */,
				E1DA4B3E1FCA460300F4901E /* WebViewController.swift in Sources */,
				E174065A1FC8A54D0076CCDA /* AppDelegate.swift in Sources */,
			);
			runOnlyForDeploymentPostprocessing = 0;
		};
		E1C0033B1FDFCADC00266A19 /* Sources */ = {
			isa = PBXSourcesBuildPhase;
			buildActionMask = 2147483647;
			files = (
				E1C003421FDFCADC00266A19 /* PhET_Intern_Task_Tests.swift in Sources */,
			);
			runOnlyForDeploymentPostprocessing = 0;
		};
/* End PBXSourcesBuildPhase section */

/* Begin PBXTargetDependency section */
		E1C003451FDFCADC00266A19 /* PBXTargetDependency */ = {
			isa = PBXTargetDependency;
			target = E17406551FC8A54C0076CCDA /* PhET_Intern_Task */;
			targetProxy = E1C003441FDFCADC00266A19 /* PBXContainerItemProxy */;
		};
/* End PBXTargetDependency section */

/* Begin PBXVariantGroup section */
		E174065D1FC8A54D0076CCDA /* Main.storyboard */ = {
			isa = PBXVariantGroup;
			children = (
				E174065E1FC8A54D0076CCDA /* Base */,
			);
			name = Main.storyboard;
			sourceTree = "<group>";
		};
		E17406621FC8A54D0076CCDA /* LaunchScreen.storyboard */ = {
			isa = PBXVariantGroup;
			children = (
				E17406631FC8A54D0076CCDA /* Base */,
			);
			name = LaunchScreen.storyboard;
			sourceTree = "<group>";
		};
/* End PBXVariantGroup section */

/* Begin XCBuildConfiguration section */
		E17406661FC8A54D0076CCDA /* Debug */ = {
			isa = XCBuildConfiguration;
			buildSettings = {
				ALWAYS_SEARCH_USER_PATHS = NO;
				CLANG_ANALYZER_NONNULL = YES;
				CLANG_ANALYZER_NUMBER_OBJECT_CONVERSION = YES_AGGRESSIVE;
				CLANG_CXX_LANGUAGE_STANDARD = "gnu++14";
				CLANG_CXX_LIBRARY = "libc++";
				CLANG_ENABLE_MODULES = YES;
				CLANG_ENABLE_OBJC_ARC = YES;
				CLANG_WARN_BLOCK_CAPTURE_AUTORELEASING = YES;
				CLANG_WARN_BOOL_CONVERSION = YES;
				CLANG_WARN_COMMA = YES;
				CLANG_WARN_CONSTANT_CONVERSION = YES;
				CLANG_WARN_DIRECT_OBJC_ISA_USAGE = YES_ERROR;
				CLANG_WARN_DOCUMENTATION_COMMENTS = YES;
				CLANG_WARN_EMPTY_BODY = YES;
				CLANG_WARN_ENUM_CONVERSION = YES;
				CLANG_WARN_INFINITE_RECURSION = YES;
				CLANG_WARN_INT_CONVERSION = YES;
				CLANG_WARN_NON_LITERAL_NULL_CONVERSION = YES;
				CLANG_WARN_OBJC_LITERAL_CONVERSION = YES;
				CLANG_WARN_OBJC_ROOT_CLASS = YES_ERROR;
				CLANG_WARN_RANGE_LOOP_ANALYSIS = YES;
				CLANG_WARN_STRICT_PROTOTYPES = YES;
				CLANG_WARN_SUSPICIOUS_MOVE = YES;
				CLANG_WARN_UNGUARDED_AVAILABILITY = YES_AGGRESSIVE;
				CLANG_WARN_UNREACHABLE_CODE = YES;
				CLANG_WARN__DUPLICATE_METHOD_MATCH = YES;
				CODE_SIGN_IDENTITY = "iPhone Developer";
				COPY_PHASE_STRIP = NO;
				DEBUG_INFORMATION_FORMAT = dwarf;
				ENABLE_STRICT_OBJC_MSGSEND = YES;
				ENABLE_TESTABILITY = YES;
				GCC_C_LANGUAGE_STANDARD = gnu11;
				GCC_DYNAMIC_NO_PIC = NO;
				GCC_NO_COMMON_BLOCKS = YES;
				GCC_OPTIMIZATION_LEVEL = 0;
				GCC_PREPROCESSOR_DEFINITIONS = (
					"DEBUG=1",
					"$(inherited)",
				);
				GCC_WARN_64_TO_32_BIT_CONVERSION = YES;
				GCC_WARN_ABOUT_RETURN_TYPE = YES_ERROR;
				GCC_WARN_UNDECLARED_SELECTOR = YES;
				GCC_WARN_UNINITIALIZED_AUTOS = YES_AGGRESSIVE;
				GCC_WARN_UNUSED_FUNCTION = YES;
				GCC_WARN_UNUSED_VARIABLE = YES;
				IPHONEOS_DEPLOYMENT_TARGET = 11.1;
				MTL_ENABLE_DEBUG_INFO = YES;
				ONLY_ACTIVE_ARCH = YES;
				SDKROOT = iphoneos;
				SWIFT_ACTIVE_COMPILATION_CONDITIONS = DEBUG;
				SWIFT_OPTIMIZATION_LEVEL = "-Onone";
			};
			name = Debug;
		};
		E17406671FC8A54D0076CCDA /* Release */ = {
			isa = XCBuildConfiguration;
			buildSettings = {
				ALWAYS_SEARCH_USER_PATHS = NO;
				CLANG_ANALYZER_NONNULL = YES;
				CLANG_ANALYZER_NUMBER_OBJECT_CONVERSION = YES_AGGRESSIVE;
				CLANG_CXX_LANGUAGE_STANDARD = "gnu++14";
				CLANG_CXX_LIBRARY = "libc++";
				CLANG_ENABLE_MODULES = YES;
				CLANG_ENABLE_OBJC_ARC = YES;
				CLANG_WARN_BLOCK_CAPTURE_AUTORELEASING = YES;
				CLANG_WARN_BOOL_CONVERSION = YES;
				CLANG_WARN_COMMA = YES;
				CLANG_WARN_CONSTANT_CONVERSION = YES;
				CLANG_WARN_DIRECT_OBJC_ISA_USAGE = YES_ERROR;
				CLANG_WARN_DOCUMENTATION_COMMENTS = YES;
				CLANG_WARN_EMPTY_BODY = YES;
				CLANG_WARN_ENUM_CONVERSION = YES;
				CLANG_WARN_INFINITE_RECURSION = YES;
				CLANG_WARN_INT_CONVERSION = YES;
				CLANG_WARN_NON_LITERAL_NULL_CONVERSION = YES;
				CLANG_WARN_OBJC_LITERAL_CONVERSION = YES;
				CLANG_WARN_OBJC_ROOT_CLASS = YES_ERROR;
				CLANG_WARN_RANGE_LOOP_ANALYSIS = YES;
				CLANG_WARN_STRICT_PROTOTYPES = YES;
				CLANG_WARN_SUSPICIOUS_MOVE = YES;
				CLANG_WARN_UNGUARDED_AVAILABILITY = YES_AGGRESSIVE;
				CLANG_WARN_UNREACHABLE_CODE = YES;
				CLANG_WARN__DUPLICATE_METHOD_MATCH = YES;
				CODE_SIGN_IDENTITY = "iPhone Developer";
				COPY_PHASE_STRIP = NO;
				DEBUG_INFORMATION_FORMAT = "dwarf-with-dsym";
				ENABLE_NS_ASSERTIONS = NO;
				ENABLE_STRICT_OBJC_MSGSEND = YES;
				GCC_C_LANGUAGE_STANDARD = gnu11;
				GCC_NO_COMMON_BLOCKS = YES;
				GCC_WARN_64_TO_32_BIT_CONVERSION = YES;
				GCC_WARN_ABOUT_RETURN_TYPE = YES_ERROR;
				GCC_WARN_UNDECLARED_SELECTOR = YES;
				GCC_WARN_UNINITIALIZED_AUTOS = YES_AGGRESSIVE;
				GCC_WARN_UNUSED_FUNCTION = YES;
				GCC_WARN_UNUSED_VARIABLE = YES;
				IPHONEOS_DEPLOYMENT_TARGET = 11.1;
				MTL_ENABLE_DEBUG_INFO = NO;
				SDKROOT = iphoneos;
				SWIFT_OPTIMIZATION_LEVEL = "-Owholemodule";
				VALIDATE_PRODUCT = YES;
			};
			name = Release;
		};
		E17406691FC8A54D0076CCDA /* Debug */ = {
			isa = XCBuildConfiguration;
			buildSettings = {
				ASSETCATALOG_COMPILER_APPICON_NAME = AppIcon;
				CODE_SIGN_STYLE = Automatic;
				DEVELOPMENT_TEAM = F3M935826C;
				INFOPLIST_FILE = PhET_Intern_Task/Info.plist;
				LD_RUNPATH_SEARCH_PATHS = "$(inherited) @executable_path/Frameworks";
				PRODUCT_BUNDLE_IDENTIFIER = "JakeApps.PhET-Intern-Task";
				PRODUCT_NAME = "$(TARGET_NAME)";
				SWIFT_VERSION = 4.0;
				TARGETED_DEVICE_FAMILY = "1,2";
			};
			name = Debug;
		};
		E174066A1FC8A54D0076CCDA /* Release */ = {
			isa = XCBuildConfiguration;
			buildSettings = {
				ASSETCATALOG_COMPILER_APPICON_NAME = AppIcon;
				CODE_SIGN_STYLE = Automatic;
				DEVELOPMENT_TEAM = F3M935826C;
				INFOPLIST_FILE = PhET_Intern_Task/Info.plist;
				LD_RUNPATH_SEARCH_PATHS = "$(inherited) @executable_path/Frameworks";
				PRODUCT_BUNDLE_IDENTIFIER = "JakeApps.PhET-Intern-Task";
				PRODUCT_NAME = "$(TARGET_NAME)";
				SWIFT_VERSION = 4.0;
				TARGETED_DEVICE_FAMILY = "1,2";
			};
			name = Release;
		};
		E1C003471FDFCADC00266A19 /* Debug */ = {
			isa = XCBuildConfiguration;
			buildSettings = {
				BUNDLE_LOADER = "$(TEST_HOST)";
				CODE_SIGN_STYLE = Automatic;
				DEVELOPMENT_TEAM = F3M935826C;
				INFOPLIST_FILE = PhET_Intern_Task_Tests/Info.plist;
				IPHONEOS_DEPLOYMENT_TARGET = 11.2;
				LD_RUNPATH_SEARCH_PATHS = "$(inherited) @executable_path/Frameworks @loader_path/Frameworks";
				PRODUCT_BUNDLE_IDENTIFIER = "JakeApps.PhET-Intern-Task-Tests";
				PRODUCT_NAME = "$(TARGET_NAME)";
				SWIFT_VERSION = 4.0;
				TARGETED_DEVICE_FAMILY = "1,2";
				TEST_HOST = "$(BUILT_PRODUCTS_DIR)/PhET_Intern_Task.app/PhET_Intern_Task";
			};
			name = Debug;
		};
		E1C003481FDFCADC00266A19 /* Release */ = {
			isa = XCBuildConfiguration;
			buildSettings = {
				BUNDLE_LOADER = "$(TEST_HOST)";
				CODE_SIGN_STYLE = Automatic;
				DEVELOPMENT_TEAM = F3M935826C;
				INFOPLIST_FILE = PhET_Intern_Task_Tests/Info.plist;
				IPHONEOS_DEPLOYMENT_TARGET = 11.2;
				LD_RUNPATH_SEARCH_PATHS = "$(inherited) @executable_path/Frameworks @loader_path/Frameworks";
				PRODUCT_BUNDLE_IDENTIFIER = "JakeApps.PhET-Intern-Task-Tests";
				PRODUCT_NAME = "$(TARGET_NAME)";
				SWIFT_VERSION = 4.0;
				TARGETED_DEVICE_FAMILY = "1,2";
				TEST_HOST = "$(BUILT_PRODUCTS_DIR)/PhET_Intern_Task.app/PhET_Intern_Task";
			};
			name = Release;
		};
/* End XCBuildConfiguration section */

/* Begin XCConfigurationList section */
		E17406511FC8A54C0076CCDA /* Build configuration list for PBXProject "PhET_Intern_Task" */ = {
			isa = XCConfigurationList;
			buildConfigurations = (
				E17406661FC8A54D0076CCDA /* Debug */,
				E17406671FC8A54D0076CCDA /* Release */,
			);
			defaultConfigurationIsVisible = 0;
			defaultConfigurationName = Release;
		};
		E17406681FC8A54D0076CCDA /* Build configuration list for PBXNativeTarget "PhET_Intern_Task" */ = {
			isa = XCConfigurationList;
			buildConfigurations = (
				E17406691FC8A54D0076CCDA /* Debug */,
				E174066A1FC8A54D0076CCDA /* Release */,
			);
			defaultConfigurationIsVisible = 0;
			defaultConfigurationName = Release;
		};
		E1C003461FDFCADC00266A19 /* Build configuration list for PBXNativeTarget "PhET_Intern_Task_Tests" */ = {
			isa = XCConfigurationList;
			buildConfigurations = (
				E1C003471FDFCADC00266A19 /* Debug */,
				E1C003481FDFCADC00266A19 /* Release */,
			);
			defaultConfigurationIsVisible = 0;
			defaultConfigurationName = Release;
		};
/* End XCConfigurationList section */
	};
	rootObject = E174064E1FC8A54C0076CCDA /* Project object */;
}
